
Microsoft Visual Studio Solution File, Format Version 12.00
# Visual Studio Version 17
VisualStudioVersion = 17.5.33424.131
MinimumVisualStudioVersion = 10.0.40219.1
Project("{FAE04EC0-301F-11D3-BF4B-00C04F79EFBC}") = "Lab02-C", "Lab02-C\Lab02-C.csproj", "{152C57AE-B203-46A9-8869-E37EBE107564}"
EndProject
Global
	GlobalSection(SolutionConfigurationPlatforms) = preSolution
		Debug|Any CPU = Debug|Any CPU
		Release|Any CPU = Release|Any CPU
	EndGlobalSection
	GlobalSection(ProjectConfigurationPlatforms) = postSolution
		{152C57AE-B203-46A9-8869-E37EBE107564}.Debug|Any CPU.ActiveCfg = Debug|Any CPU
		{152C57AE-B203-46A9-8869-E37EBE107564}.Debug|Any CPU.Build.0 = Debug|Any CPU
		{152C57AE-B203-46A9-8869-E37EBE107564}.Release|Any CPU.ActiveCfg = Release|Any CPU
		{152C57AE-B203-46A9-8869-E37EBE107564}.Release|Any CPU.Build.0 = Release|Any CPU
	EndGlobalSection
	GlobalSection(SolutionProperties) = preSolution
		HideSolutionNode = FALSE
	EndGlobalSection
	GlobalSection(ExtensibilityGlobals) = postSolution
		SolutionGuid = {9F5EBFE4-8D97-417A-BA91-021E54B2EF64}
	EndGlobalSection
EndGlobal
